dependencies:
- name: coffee-app-common
  repository: file://../../coffee-app-common
  version: 0.1.0
- name: configserver
  repository: file://../../coffee-app-services/config-server
  version: 0.1.0
- name: customers
  repository: file://../../coffee-app-services/customers
  version: 0.1.0
- name: employees
  repository: file://../../coffee-app-services/employees
  version: 0.1.0
- name: eurekaserver
  repository: file://../../coffee-app-services/eureka-server
  version: 0.1.0
- name: financial
  repository: file://../../coffee-app-services/financial
  version: 0.1.0
- name: gatewayserver
  repository: file://../../coffee-app-services/gateway-server
  version: 0.1.0
- name: selling
  repository: file://../../coffee-app-services/selling
  version: 0.1.0
- name: storage
  repository: file://../../coffee-app-services/storage-service
  version: 0.1.0
digest: sha256:12e0aa8bb471bc042fbb640c86a9a35ef30642579e40aef5094b7973445e2e6b
generated: "2024-10-26T15:40:40.4745845+03:00"
