dependencies:
- name: zookeeper
  repository: oci://registry-1.docker.io/bitnamicharts
  version: 12.12.1
- name: common
  repository: oci://registry-1.docker.io/bitnamicharts
  version: 2.28.0
digest: sha256:704a0f5500df2b5b92c1f40e72fffd61d0124599da4beb1f78df2e02c5578acb
generated: "2024-12-24T12:43:26.299061+07:00"
